{
  "name": "ajs-proj",
  "version": "1.0.0",
  "lockfileVersion": 1,
  "requires": true,
  "dependencies": {
    "@gsahar/ajs": {
      "version": "1.0.0",
      "resolved": "https://npm.pkg.github.com/download/@gsahar/ajs/1.0.0/1c85647900017c5abfd4d24364c338fea81f5d5485ee558bc67516e91996bceb",
      "integrity": "sha512-us89CTDSOd6mkewP+gZZug/zz1THRtfTdUZczvE5TqmDcPNZFR+TVZ9x84irXCCuIYeN6eEbvcBs+FfcuASZng=="
    }
  }
}
